// !$*UTF8*$!
{
	archiveVersion = 1;
	classes = {
	};
	objectVersion = 50;
	objects = {

/* Begin PBXBuildFile section */
		58CBBE6A23DB69F00057CC8D /* AppDelegate.swift in Sources */ = {isa = PBXBuildFile; fileRef = 58CBBE6923DB69F00057CC8D /* AppDelegate.swift */; };
		58CBBE6C23DB69F00057CC8D /* SceneDelegate.swift in Sources */ = {isa = PBXBuildFile; fileRef = 58CBBE6B23DB69F00057CC8D /* SceneDelegate.swift */; };
		58CBBE6E23DB69F00057CC8D /* ContentView.swift in Sources */ = {isa = PBXBuildFile; fileRef = 58CBBE6D23DB69F00057CC8D /* ContentView.swift */; };
		58CBBE7023DB69F30057CC8D /* Assets.xcassets in Resources */ = {isa = PBXBuildFile; fileRef = 58CBBE6F23DB69F30057CC8D /* Assets.xcassets */; };
		58CBBE7323DB69F30057CC8D /* Preview Assets.xcassets in Resources */ = {isa = PBXBuildFile; fileRef = 58CBBE7223DB69F30057CC8D /* Preview Assets.xcassets */; };
		58CBBE7623DB69F30057CC8D /* LaunchScreen.storyboard in Resources */ = {isa = PBXBuildFile; fileRef = 58CBBE7423DB69F30057CC8D /* LaunchScreen.storyboard */; };
		58CBBE7F23DB6A660057CC8D /* Hike.swift in Sources */ = {isa = PBXBuildFile; fileRef = 58CBBE7E23DB6A660057CC8D /* Hike.swift */; };
		58CBBE8223DB73B30057CC8D /* HikeCell.swift in Sources */ = {isa = PBXBuildFile; fileRef = 58CBBE8123DB73B30057CC8D /* HikeCell.swift */; };
		58CBBE8423DB7CFD0057CC8D /* HikeDetail.swift in Sources */ = {isa = PBXBuildFile; fileRef = 58CBBE8323DB7CFD0057CC8D /* HikeDetail.swift */; };
/* End PBXBuildFile section */

/* Begin PBXFileReference section */
		58CBBE6623DB69F00057CC8D /* HikingApp.app */ = {isa = PBXFileReference; explicitFileType = wrapper.application; includeInIndex = 0; path = HikingApp.app; sourceTree = BUILT_PRODUCTS_DIR; };
		58CBBE6923DB69F00057CC8D /* AppDelegate.swift */ = {isa = PBXFileReference; lastKnownFileType = sourcecode.swift; path = AppDelegate.swift; sourceTree = "<group>"; };
		58CBBE6B23DB69F00057CC8D /* SceneDelegate.swift */ = {isa = PBXFileReference; lastKnownFileType = sourcecode.swift; path = SceneDelegate.swift; sourceTree = "<group>"; };
		58CBBE6D23DB69F00057CC8D /* ContentView.swift */ = {isa = PBXFileReference; lastKnownFileType = sourcecode.swift; path = ContentView.swift; sourceTree = "<group>"; };
		58CBBE6F23DB69F30057CC8D /* Assets.xcassets */ = {isa = PBXFileReference; lastKnownFileType = folder.assetcatalog; path = Assets.xcassets; sourceTree = "<group>"; };
		58CBBE7223DB69F30057CC8D /* Preview Assets.xcassets */ = {isa = PBXFileReference; lastKnownFileType = folder.assetcatalog; path = "Preview Assets.xcassets"; sourceTree = "<group>"; };
		58CBBE7523DB69F30057CC8D /* Base */ = {isa = PBXFileReference; lastKnownFileType = file.storyboard; name = Base; path = Base.lproj/LaunchScreen.storyboard; sourceTree = "<group>"; };
		58CBBE7723DB69F30057CC8D /* Info.plist */ = {isa = PBXFileReference; lastKnownFileType = text.plist.xml; path = Info.plist; sourceTree = "<group>"; };
		58CBBE7E23DB6A660057CC8D /* Hike.swift */ = {isa = PBXFileReference; lastKnownFileType = sourcecode.swift; path = Hike.swift; sourceTree = "<group>"; };
		58CBBE8123DB73B30057CC8D /* HikeCell.swift */ = {isa = PBXFileReference; lastKnownFileType = sourcecode.swift; path = HikeCell.swift; sourceTree = "<group>"; };
		58CBBE8323DB7CFD0057CC8D /* HikeDetail.swift */ = {isa = PBXFileReference; lastKnownFileType = sourcecode.swift; path = HikeDetail.swift; sourceTree = "<group>"; };
/* End PBXFileReference section */

/* Begin PBXFrameworksBuildPhase section */
		58CBBE6323DB69F00057CC8D /* Frameworks */ = {
			isa = PBXFrameworksBuildPhase;
			buildActionMask = 2147483647;
			files = (
			);
			runOnlyForDeploymentPostprocessing = 0;
		};
/* End PBXFrameworksBuildPhase section */

/* Begin PBXGroup section */
		58CBBE5D23DB69F00057CC8D = {
			isa = PBXGroup;
			children = (
				58CBBE6823DB69F00057CC8D /* HikingApp */,
				58CBBE6723DB69F00057CC8D /* Products */,
			);
			sourceTree = "<group>";
		};
		58CBBE6723DB69F00057CC8D /* Products */ = {
			isa = PBXGroup;
			children = (
				58CBBE6623DB69F00057CC8D /* HikingApp.app */,
			);
			name = Products;
			sourceTree = "<group>";
		};
		58CBBE6823DB69F00057CC8D /* HikingApp */ = {
			isa = PBXGroup;
			children = (
				58CBBE8023DB73A20057CC8D /* Views */,
				58CBBE7D23DB6A570057CC8D /* Models */,
				58CBBE6923DB69F00057CC8D /* AppDelegate.swift */,
				58CBBE6B23DB69F00057CC8D /* SceneDelegate.swift */,
				58CBBE6D23DB69F00057CC8D /* ContentView.swift */,
				58CBBE6F23DB69F30057CC8D /* Assets.xcassets */,
				58CBBE7423DB69F30057CC8D /* LaunchScreen.storyboard */,
				58CBBE7723DB69F30057CC8D /* Info.plist */,
				58CBBE7123DB69F30057CC8D /* Preview Content */,
			);
			path = HikingApp;
			sourceTree = "<group>";
		};
		58CBBE7123DB69F30057CC8D /* Preview Content */ = {
			isa = PBXGroup;
			children = (
				58CBBE7223DB69F30057CC8D /* Preview Assets.xcassets */,
			);
			path = "Preview Content";
			sourceTree = "<group>";
		};
		58CBBE7D23DB6A570057CC8D /* Models */ = {
			isa = PBXGroup;
			children = (
				58CBBE7E23DB6A660057CC8D /* Hike.swift */,
			);
			path = Models;
			sourceTree = "<group>";
		};
		58CBBE8023DB73A20057CC8D /* Views */ = {
			isa = PBXGroup;
			children = (
				58CBBE8123DB73B30057CC8D /* HikeCell.swift */,
				58CBBE8323DB7CFD0057CC8D /* HikeDetail.swift */,
			);
			path = Views;
			sourceTree = "<group>";
		};
/* End PBXGroup section */

/* Begin PBXNativeTarget section */
		58CBBE6523DB69F00057CC8D /* HikingApp */ = {
			isa = PBXNativeTarget;
			buildConfigurationList = 58CBBE7A23DB69F30057CC8D /* Build configuration list for PBXNativeTarget "HikingApp" */;
			buildPhases = (
				58CBBE6223DB69F00057CC8D /* Sources */,
				58CBBE6323DB69F00057CC8D /* Frameworks */,
				58CBBE6423DB69F00057CC8D /* Resources */,
			);
			buildRules = (
			);
			dependencies = (
			);
			name = HikingApp;
			productName = HikingApp;
			productReference = 58CBBE6623DB69F00057CC8D /* HikingApp.app */;
			productType = "com.apple.product-type.application";
		};
/* End PBXNativeTarget section */

/* Begin PBXProject section */
		58CBBE5E23DB69F00057CC8D /* Project object */ = {
			isa = PBXProject;
			attributes = {
				LastSwiftUpdateCheck = 1130;
				LastUpgradeCheck = 1130;
				ORGANIZATIONNAME = "Alexander Smith";
				TargetAttributes = {
					58CBBE6523DB69F00057CC8D = {
						CreatedOnToolsVersion = 11.3.1;
					};
				};
			};
			buildConfigurationList = 58CBBE6123DB69F00057CC8D /* Build configuration list for PBXProject "HikingApp" */;
			compatibilityVersion = "Xcode 9.3";
			developmentRegion = en;
			hasScannedForEncodings = 0;
			knownRegions = (
				en,
				Base,
			);
			mainGroup = 58CBBE5D23DB69F00057CC8D;
			productRefGroup = 58CBBE6723DB69F00057CC8D /* Products */;
			projectDirPath = "";
			projectRoot = "";
			targets = (
				58CBBE6523DB69F00057CC8D /* HikingApp */,
			);
		};
/* End PBXProject section */

/* Begin PBXResourcesBuildPhase section */
		58CBBE6423DB69F00057CC8D /* Resources */ = {
			isa = PBXResourcesBuildPhase;
			buildActionMask = 2147483647;
			files = (
				58CBBE7623DB69F30057CC8D /* LaunchScreen.storyboard in Resources */,
				58CBBE7323DB69F30057CC8D /* Preview Assets.xcassets in Resources */,
				58CBBE7023DB69F30057CC8D /* Assets.xcassets in Resources */,
			);
			runOnlyForDeploymentPostprocessing = 0;
		};
/* End PBXResourcesBuildPhase section */

/* Begin PBXSourcesBuildPhase section */
		58CBBE6223DB69F00057CC8D /* Sources */ = {
			isa = PBXSourcesBuildPhase;
			buildActionMask = 2147483647;
			files = (
				58CBBE6A23DB69F00057CC8D /* AppDelegate.swift in Sources */,
				58CBBE6C23DB69F00057CC8D /* SceneDelegate.swift in Sources */,
				58CBBE7F23DB6A660057CC8D /* Hike.swift in Sources */,
				58CBBE6E23DB69F00057CC8D /* ContentView.swift in Sources */,
				58CBBE8223DB73B30057CC8D /* HikeCell.swift in Sources */,
				58CBBE8423DB7CFD0057CC8D /* HikeDetail.swift in Sources */,
			);
			runOnlyForDeploymentPostprocessing = 0;
		};
/* End PBXSourcesBuildPhase section */

/* Begin PBXVariantGroup section */
		58CBBE7423DB69F30057CC8D /* LaunchScreen.storyboard */ = {
			isa = PBXVariantGroup;
			children = (
				58CBBE7523DB69F30057CC8D /* Base */,
			);
			name = LaunchScreen.storyboard;
			sourceTree = "<group>";
		};
/* End PBXVariantGroup section */

/* Begin XCBuildConfiguration section */
		58CBBE7823DB69F30057CC8D /* Debug */ = {
			isa = XCBuildConfiguration;
			buildSettings = {
				ALWAYS_SEARCH_USER_PATHS = NO;
				CLANG_ANALYZER_NONNULL = YES;
				CLANG_ANALYZER_NUMBER_OBJECT_CONVERSION = YES_AGGRESSIVE;
				CLANG_CXX_LANGUAGE_STANDARD = "gnu++14";
				CLANG_CXX_LIBRARY = "libc++";
				CLANG_ENABLE_MODULES = YES;
				CLANG_ENABLE_OBJC_ARC = YES;
				CLANG_ENABLE_OBJC_WEAK = YES;
				CLANG_WARN_BLOCK_CAPTURE_AUTORELEASING = YES;
				CLANG_WARN_BOOL_CONVERSION = YES;
				CLANG_WARN_COMMA = YES;
				CLANG_WARN_CONSTANT_CONVERSION = YES;
				CLANG_WARN_DEPRECATED_OBJC_IMPLEMENTATIONS = YES;
				CLANG_WARN_DIRECT_OBJC_ISA_USAGE = YES_ERROR;
				CLANG_WARN_DOCUMENTATION_COMMENTS = YES;
				CLANG_WARN_EMPTY_BODY = YES;
				CLANG_WARN_ENUM_CONVERSION = YES;
				CLANG_WARN_INFINITE_RECURSION = YES;
				CLANG_WARN_INT_CONVERSION = YES;
				CLANG_WARN_NON_LITERAL_NULL_CONVERSION = YES;
				CLANG_WARN_OBJC_IMPLICIT_RETAIN_SELF = YES;
				CLANG_WARN_OBJC_LITERAL_CONVERSION = YES;
				CLANG_WARN_OBJC_ROOT_CLASS = YES_ERROR;
				CLANG_WARN_RANGE_LOOP_ANALYSIS = YES;
				CLANG_WARN_STRICT_PROTOTYPES = YES;
				CLANG_WARN_SUSPICIOUS_MOVE = YES;
				CLANG_WARN_UNGUARDED_AVAILABILITY = YES_AGGRESSIVE;
				CLANG_WARN_UNREACHABLE_CODE = YES;
				CLANG_WARN__DUPLICATE_METHOD_MATCH = YES;
				COPY_PHASE_STRIP = NO;
				DEBUG_INFORMATION_FORMAT = dwarf;
				ENABLE_STRICT_OBJC_MSGSEND = YES;
				ENABLE_TESTABILITY = YES;
				GCC_C_LANGUAGE_STANDARD = gnu11;
				GCC_DYNAMIC_NO_PIC = NO;
				GCC_NO_COMMON_BLOCKS = YES;
				GCC_OPTIMIZATION_LEVEL = 0;
				GCC_PREPROCESSOR_DEFINITIONS = (
					"DEBUG=1",
					"$(inherited)",
				);
				GCC_WARN_64_TO_32_BIT_CONVERSION = YES;
				GCC_WARN_ABOUT_RETURN_TYPE = YES_ERROR;
				GCC_WARN_UNDECLARED_SELECTOR = YES;
				GCC_WARN_UNINITIALIZED_AUTOS = YES_AGGRESSIVE;
				GCC_WARN_UNUSED_FUNCTION = YES;
				GCC_WARN_UNUSED_VARIABLE = YES;
				IPHONEOS_DEPLOYMENT_TARGET = 13.2;
				MTL_ENABLE_DEBUG_INFO = INCLUDE_SOURCE;
				MTL_FAST_MATH = YES;
				ONLY_ACTIVE_ARCH = YES;
				SDKROOT = iphoneos;
				SWIFT_ACTIVE_COMPILATION_CONDITIONS = DEBUG;
				SWIFT_OPTIMIZATION_LEVEL = "-Onone";
			};
			name = Debug;
		};
		58CBBE7923DB69F30057CC8D /* Release */ = {
			isa = XCBuildConfiguration;
			buildSettings = {
				ALWAYS_SEARCH_USER_PATHS = NO;
				CLANG_ANALYZER_NONNULL = YES;
				CLANG_ANALYZER_NUMBER_OBJECT_CONVERSION = YES_AGGRESSIVE;
				CLANG_CXX_LANGUAGE_STANDARD = "gnu++14";
				CLANG_CXX_LIBRARY = "libc++";
				CLANG_ENABLE_MODULES = YES;
				CLANG_ENABLE_OBJC_ARC = YES;
				CLANG_ENABLE_OBJC_WEAK = YES;
				CLANG_WARN_BLOCK_CAPTURE_AUTORELEASING = YES;
				CLANG_WARN_BOOL_CONVERSION = YES;
				CLANG_WARN_COMMA = YES;
				CLANG_WARN_CONSTANT_CONVERSION = YES;
				CLANG_WARN_DEPRECATED_OBJC_IMPLEMENTATIONS = YES;
				CLANG_WARN_DIRECT_OBJC_ISA_USAGE = YES_ERROR;
				CLANG_WARN_DOCUMENTATION_COMMENTS = YES;
				CLANG_WARN_EMPTY_BODY = YES;
				CLANG_WARN_ENUM_CONVERSION = YES;
				CLANG_WARN_INFINITE_RECURSION = YES;
				CLANG_WARN_INT_CONVERSION = YES;
				CLANG_WARN_NON_LITERAL_NULL_CONVERSION = YES;
				CLANG_WARN_OBJC_IMPLICIT_RETAIN_SELF = YES;
				CLANG_WARN_OBJC_LITERAL_CONVERSION = YES;
				CLANG_WARN_OBJC_ROOT_CLASS = YES_ERROR;
				CLANG_WARN_RANGE_LOOP_ANALYSIS = YES;
				CLANG_WARN_STRICT_PROTOTYPES = YES;
				CLANG_WARN_SUSPICIOUS_MOVE = YES;
				CLANG_WARN_UNGUARDED_AVAILABILITY = YES_AGGRESSIVE;
				CLANG_WARN_UNREACHABLE_CODE = YES;
				CLANG_WARN__DUPLICATE_METHOD_MATCH = YES;
				COPY_PHASE_STRIP = NO;
				DEBUG_INFORMATION_FORMAT = "dwarf-with-dsym";
				ENABLE_NS_ASSERTIONS = NO;
				ENABLE_STRICT_OBJC_MSGSEND = YES;
				GCC_C_LANGUAGE_STANDARD = gnu11;
				GCC_NO_COMMON_BLOCKS = YES;
				GCC_WARN_64_TO_32_BIT_CONVERSION = YES;
				GCC_WARN_ABOUT_RETURN_TYPE = YES_ERROR;
				GCC_WARN_UNDECLARED_SELECTOR = YES;
				GCC_WARN_UNINITIALIZED_AUTOS = YES_AGGRESSIVE;
				GCC_WARN_UNUSED_FUNCTION = YES;
				GCC_WARN_UNUSED_VARIABLE = YES;
				IPHONEOS_DEPLOYMENT_TARGET = 13.2;
				MTL_ENABLE_DEBUG_INFO = NO;
				MTL_FAST_MATH = YES;
				SDKROOT = iphoneos;
				SWIFT_COMPILATION_MODE = wholemodule;
				SWIFT_OPTIMIZATION_LEVEL = "-O";
				VALIDATE_PRODUCT = YES;
			};
			name = Release;
		};
		58CBBE7B23DB69F30057CC8D /* Debug */ = {
			isa = XCBuildConfiguration;
			buildSettings = {
				ASSETCATALOG_COMPILER_APPICON_NAME = AppIcon;
				CODE_SIGN_STYLE = Automatic;
				DEVELOPMENT_ASSET_PATHS = "\"HikingApp/Preview Content\"";
				DEVELOPMENT_TEAM = 9SJWLK8ZVY;
				ENABLE_PREVIEWS = YES;
				INFOPLIST_FILE = HikingApp/Info.plist;
				LD_RUNPATH_SEARCH_PATHS = (
					"$(inherited)",
					"@executable_path/Frameworks",
				);
				PRODUCT_BUNDLE_IDENTIFIER = com.alexandercsmith.HikingApp;
				PRODUCT_NAME = "$(TARGET_NAME)";
				SWIFT_VERSION = 5.0;
				TARGETED_DEVICE_FAMILY = "1,2";
			};
			name = Debug;
		};
		58CBBE7C23DB69F30057CC8D /* Release */ = {
			isa = XCBuildConfiguration;
			buildSettings = {
				ASSETCATALOG_COMPILER_APPICON_NAME = AppIcon;
				CODE_SIGN_STYLE = Automatic;
				DEVELOPMENT_ASSET_PATHS = "\"HikingApp/Preview Content\"";
				DEVELOPMENT_TEAM = 9SJWLK8ZVY;
				ENABLE_PREVIEWS = YES;
				INFOPLIST_FILE = HikingApp/Info.plist;
				LD_RUNPATH_SEARCH_PATHS = (
					"$(inherited)",
					"@executable_path/Frameworks",
				);
				PRODUCT_BUNDLE_IDENTIFIER = com.alexandercsmith.HikingApp;
				PRODUCT_NAME = "$(TARGET_NAME)";
				SWIFT_VERSION = 5.0;
				TARGETED_DEVICE_FAMILY = "1,2";
			};
			name = Release;
		};
/* End XCBuildConfiguration section */

/* Begin XCConfigurationList section */
		58CBBE6123DB69F00057CC8D /* Build configuration list for PBXProject "HikingApp" */ = {
			isa = XCConfigurationList;
			buildConfigurations = (
				58CBBE7823DB69F30057CC8D /* Debug */,
				58CBBE7923DB69F30057CC8D /* Release */,
			);
			defaultConfigurationIsVisible = 0;
			defaultConfigurationName = Release;
		};
		58CBBE7A23DB69F30057CC8D /* Build configuration list for PBXNativeTarget "HikingApp" */ = {
			isa = XCConfigurationList;
			buildConfigurations = (
				58CBBE7B23DB69F30057CC8D /* Debug */,
				58CBBE7C23DB69F30057CC8D /* Release */,
			);
			defaultConfigurationIsVisible = 0;
			defaultConfigurationName = Release;
		};
/* End XCConfigurationList section */
	};
	rootObject = 58CBBE5E23DB69F00057CC8D /* Project object */;
}
